{
  "name": "spike-006-delta-context-streaming",
  "lockfileVersion": 3,
  "requires": true,
  "packages": {
    "": {
      "name": "spike-006-delta-context-streaming",
      "dependencies": {
        "bitecs": "^0.4.0",
        "gpt-tokenizer": "^3.0.1",
        "miniplex": "^2.0.0"
      }
    },
    "node_modules/@hmans/id": {
      "version": "0.0.1",
      "resolved": "https://registry.npmjs.org/@hmans/id/-/id-0.0.1.tgz",
      "integrity": "sha512-2BxHxZziST8F0P5Dt+UuttF2lwCaKK7QFR814PwEp708l6dm86pjWJAFr7BKyAGu27mRpYcghvCAUAucNdsCdw==",
      "license": "MIT"
    },
    "node_modules/@hmans/queue": {
      "version": "0.0.1",
      "resolved": "https://registry.npmjs.org/@hmans/queue/-/queue-0.0.1.tgz",
      "integrity": "sha512-Mm8oQRFRoiEYQ3QD9CD14DTaShd21nzNrUFyBhFxy+TduKf2PdMRfHHx7lDvEpbODGNlj+e8mcWGj/YjWmC3Bw==",
      "license": "MIT"
    },
    "node_modules/@miniplex/bucket": {
      "version": "2.0.0",
      "resolved": "https://registry.npmjs.org/@miniplex/bucket/-/bucket-2.0.0.tgz",
      "integrity": "sha512-jdAW0vG0tLel0dD0lyQqkQ4g4G9CscbVtenu35jB48fnVK3zmfFmQKIxXHsUvFs4KAN44UESAgaVOroTetFSRw==",
      "license": "MIT",
      "dependencies": {
        "eventery": "^0.0.4"
      }
    },
    "node_modules/bitecs": {
      "version": "0.4.0",
      "resolved": "https://registry.npmjs.org/bitecs/-/bitecs-0.4.0.tgz",
      "integrity": "sha512-ho6Zop/L79DRTnBAfakPpGPuX7y0+lAjX06CpaAW+5tnAc7BH3L3RlSrWAXAqwnQGDZ10GsoxaxyTTsddlun3g==",
      "license": "MPL-2.0"
    },
    "node_modules/eventery": {
      "version": "0.0.4",
      "resolved": "https://registry.npmjs.org/eventery/-/eventery-0.0.4.tgz",
      "integrity": "sha512-rQbXJG8WX9z2cm3IJadkSUZLWFXuwGMIJ40oWyB23DhVb1e92T7Jx3qF0UwtgHI7D4VZzVswbZ7MXfW88cFF4Q==",
      "license": "MIT"
    },
    "node_modules/gpt-tokenizer": {
      "version": "3.4.0",
      "resolved": "https://registry.npmjs.org/gpt-tokenizer/-/gpt-tokenizer-3.4.0.tgz",
      "integrity": "sha512-wxFLnhIXTDjYebd9A9pGl3e31ZpSypbpIJSOswbgop5jLte/AsZVDvjlbEuVFlsqZixVKqbcoNmRlFDf6pz/UQ==",
      "license": "MIT"
    },
    "node_modules/miniplex": {
      "version": "2.0.0",
      "resolved": "https://registry.npmjs.org/miniplex/-/miniplex-2.0.0.tgz",
      "integrity": "sha512-pJlxmlPf5Qyx12amgOCyRE6Lzw28ct2G0lF9xn7/xudLtA/xDOUnCIU2xOxCk8GkjePYctcNpjmFshJp/Ht66A==",
      "license": "MIT",
      "dependencies": {
        "@hmans/id": "^0.0.1",
        "@hmans/queue": "^0.0.1",
        "@miniplex/bucket": "2.0.0"
      }
    }
  }
}
