{
  "name": "spike-005a-world-snapshot-bitecs",
  "lockfileVersion": 3,
  "requires": true,
  "packages": {
    "": {
      "name": "spike-005a-world-snapshot-bitecs",
      "dependencies": {
        "bitecs": "^0.4.0",
        "gpt-tokenizer": "^3.0.1"
      }
    },
    "node_modules/bitecs": {
      "version": "0.4.0",
      "resolved": "https://registry.npmjs.org/bitecs/-/bitecs-0.4.0.tgz",
      "integrity": "sha512-ho6Zop/L79DRTnBAfakPpGPuX7y0+lAjX06CpaAW+5tnAc7BH3L3RlSrWAXAqwnQGDZ10GsoxaxyTTsddlun3g==",
      "license": "MPL-2.0"
    },
    "node_modules/gpt-tokenizer": {
      "version": "3.4.0",
      "resolved": "https://registry.npmjs.org/gpt-tokenizer/-/gpt-tokenizer-3.4.0.tgz",
      "integrity": "sha512-wxFLnhIXTDjYebd9A9pGl3e31ZpSypbpIJSOswbgop5jLte/AsZVDvjlbEuVFlsqZixVKqbcoNmRlFDf6pz/UQ==",
      "license": "MIT"
    }
  }
}
